<?xml version="1.0" encoding="utf-8"?>
<Project ToolsVersion="4.0" xmlns="http://schemas.microsoft.com/developer/msbuild/2003">
  <ItemGroup>
    <Filter Include="Quellcodedateien">
      <UniqueIdentifier>{a0079548-afb1-48b3-af37-9e24ba5be1d8}</UniqueIdentifier>
      <Extensions>cpp;c;cxx;rc;def;r;odl;idl;hpj;bat</Extensions>
    </Filter>
    <Filter Include="Header-Dateien">
      <UniqueIdentifier>{cb3d8325-ce5e-47fe-887f-223f39f9df8b}</UniqueIdentifier>
      <Extensions>h;hpp;hxx;hm;inl</Extensions>
    </Filter>
    <Filter Include="Ressourcendateien">
      <UniqueIdentifier>{f422de97-3b03-4fc1-b1d3-7b6b8030a1bf}</UniqueIdentifier>
      <Extensions>ico;cur;bmp;dlg;rc2;rct;bin;rgs;gif;jpg;jpeg;jpe</Extensions>
    </Filter>
  </ItemGroup>
  <ItemGroup>
    <ClCompile Include="src\demo.cpp">
      <Filter>Quellcodedateien</Filter>
    </ClCompile>
    <ClCompile Include="src\main.cpp">
      <Filter>Quellcodedateien</Filter>
    </ClCompile>
    <ClCompile Include="src\menu.cpp">
      <Filter>Quellcodedateien</Filter>
    </ClCompile>
    <ClCompile Include="src\model.cpp">
      <Filter>Quellcodedateien</Filter>
    </ClCompile>
    <ClCompile Include="src\tga.cpp">
      <Filter>Quellcodedateien</Filter>
    </ClCompile>
    <ClCompile Include="src\tick.cpp">
      <Filter>Quellcodedateien</Filter>
    </ClCompile>
  </ItemGroup>
  <ItemGroup>
    <ClInclude Include="config.h">
      <Filter>Header-Dateien</Filter>
    </ClInclude>
    <ClInclude Include="src\demo.h">
      <Filter>Header-Dateien</Filter>
    </ClInclude>
    <ClInclude Include="src\global.h">
      <Filter>Header-Dateien</Filter>
    </ClInclude>
    <ClInclude Include="src\menu.h">
      <Filter>Header-Dateien</Filter>
    </ClInclude>
    <ClInclude Include="src\model.h">
      <Filter>Header-Dateien</Filter>
    </ClInclude>
    <ClInclude Include="src\tga.h">
      <Filter>Header-Dateien</Filter>
    </ClInclude>
    <ClInclude Include="src\tick.h">
      <Filter>Header-Dateien</Filter>
    </ClInclude>
  </ItemGroup>
  <ItemGroup>
    <CustomBuild Include="AUTHORS" />
    <CustomBuild Include="ChangeLog" />
    <CustomBuild Include="COPYING" />
    <CustomBuild Include="INSTALL" />
    <CustomBuild Include="README" />
    <CustomBuild Include="TODO" />
  </ItemGroup>
</Project>